
Microsoft Visual Studio Solution File, Format Version 12.00
# Visual Studio Version 17
VisualStudioVersion = 17.13.35828.75 d17.13
MinimumVisualStudioVersion = 10.0.40219.1
Project("{FAE04EC0-301F-11D3-BF4B-00C04F79EFBC}") = "Icarus_Drone_Service_App", "Icarus_Drone_Service_App\Icarus_Drone_Service_App.csproj", "{5EEE73FB-6B29-49EC-AB6A-50EE7A4CC3D0}"
EndProject
Global
	GlobalSection(SolutionConfigurationPlatforms) = preSolution
		Debug|Any CPU = Debug|Any CPU
		Release|Any CPU = Release|Any CPU
	EndGlobalSection
	GlobalSection(ProjectConfigurationPlatforms) = postSolution
		{5EEE73FB-6B29-49EC-AB6A-50EE7A4CC3D0}.Debug|Any CPU.ActiveCfg = Debug|Any CPU
		{5EEE73FB-6B29-49EC-AB6A-50EE7A4CC3D0}.Debug|Any CPU.Build.0 = Debug|Any CPU
		{5EEE73FB-6B29-49EC-AB6A-50EE7A4CC3D0}.Release|Any CPU.ActiveCfg = Release|Any CPU
		{5EEE73FB-6B29-49EC-AB6A-50EE7A4CC3D0}.Release|Any CPU.Build.0 = Release|Any CPU
	EndGlobalSection
	GlobalSection(SolutionProperties) = preSolution
		HideSolutionNode = FALSE
	EndGlobalSection
	GlobalSection(ExtensibilityGlobals) = postSolution
		SolutionGuid = {FB9AD0EF-64EE-4DFD-B9DB-C14EA835F6D8}
	EndGlobalSection
EndGlobal
